
Microsoft Visual Studio Solution File, Format Version 12.00
# Visual Studio Version 16
VisualStudioVersion = 16.0.29102.190
MinimumVisualStudioVersion = 10.0.40219.1
Project("{2150E333-8FDC-42A3-9474-1A3956D46DE8}") = "Core", "Core", "{6DC9A109-EC89-4221-B8CD-9E88B589DBC1}"
EndProject
Project("{2150E333-8FDC-42A3-9474-1A3956D46DE8}") = "Libraries", "Libraries", "{6369E0D4-0A68-4D4E-A6A0-EF2EA793002F}"
EndProject
Project("{9A19103F-16F7-4668-BE54-9A1E7A4F7556}") = "Mono.Google", "lib\Mono.Google\Mono.Google.csproj", "{40C7D4EA-FB93-49FE-B18F-700A28C3E670}"
EndProject
Project("{9A19103F-16F7-4668-BE54-9A1E7A4F7556}") = "SmugMugNet", "lib\SmugMugNet\SmugMugNet.csproj", "{FFC3D9B1-B19A-44D8-8AA2-96DDE911320E}"
EndProject
Project("{9A19103F-16F7-4668-BE54-9A1E7A4F7556}") = "Hyena", "lib\Hyena\Hyena\Hyena.csproj", "{95374549-9553-4C1E-9D89-667755F90E12}"
EndProject
Project("{9A19103F-16F7-4668-BE54-9A1E7A4F7556}") = "Hyena.Data.Sqlite", "lib\Hyena\Hyena.Data.Sqlite\Hyena.Data.Sqlite.csproj", "{95374549-9553-4C1E-9D89-667755F90E13}"
EndProject
Project("{2150E333-8FDC-42A3-9474-1A3956D46DE8}") = "Clients", "Clients", "{9D75644A-DEF1-4362-8553-4B5F09783DC9}"
EndProject
Project("{2150E333-8FDC-42A3-9474-1A3956D46DE8}") = "Extensions", "Extensions", "{7D049DAA-F1B0-4697-9BCA-91FC0E1A2B9D}"
EndProject
Project("{2150E333-8FDC-42A3-9474-1A3956D46DE8}") = "Editors", "Editors", "{416E19A2-9CD9-498F-BE75-20AB74535ACD}"
EndProject
Project("{2150E333-8FDC-42A3-9474-1A3956D46DE8}") = "Transitions", "Transitions", "{E9BCB7B9-3D8C-4C5C-B6FA-0BBAC6611106}"
EndProject
Project("{2150E333-8FDC-42A3-9474-1A3956D46DE8}") = "Tools", "Tools", "{78EC5D8B-299B-4724-844D-6F3A8E8D1536}"
EndProject
Project("{2150E333-8FDC-42A3-9474-1A3956D46DE8}") = "Exporters", "Exporters", "{C9302C4A-B571-4F8E-8FFA-7B4C7DF8B3E3}"
EndProject
Project("{2150E333-8FDC-42A3-9474-1A3956D46DE8}") = "External", "External", "{A6C38ABC-9B2B-4693-A16C-0741E5561B32}"
EndProject
Project("{FAE04EC0-301F-11D3-BF4B-00C04F79EFBC}") = "Mono.Addins", "external\mono-addins\Mono.Addins\Mono.Addins.csproj", "{91DD5A2D-9FE3-4C3C-9253-876141874DAD}"
EndProject
Project("{FAE04EC0-301F-11D3-BF4B-00C04F79EFBC}") = "Mono.Addins.Setup", "external\mono-addins\Mono.Addins.Setup\Mono.Addins.Setup.csproj", "{A85C9721-C054-4BD8-A1F3-0227615F0A36}"
EndProject
Project("{FAE04EC0-301F-11D3-BF4B-00C04F79EFBC}") = "Mono.Addins.Gui", "external\mono-addins\Mono.Addins.Gui\Mono.Addins.Gui.csproj", "{FEC19BDA-4904-4005-8C09-68E82E8BEF6A}"
EndProject
Project("{9A19103F-16F7-4668-BE54-9A1E7A4F7556}") = "FSpot", "src\Core\FSpot\FSpot.csproj", "{7437A513-4130-4997-B810-D634BA54F4BB}"
EndProject
Project("{2150E333-8FDC-42A3-9474-1A3956D46DE8}") = "Tests", "Tests", "{F5E47B6A-33E7-470E-BDEC-669053C6809A}"
EndProject
Project("{9A19103F-16F7-4668-BE54-9A1E7A4F7556}") = "FSpot.Tests", "Tests\FSpot.Tests\FSpot.Tests.csproj", "{B62019DB-E092-45D6-8715-2CAAE04DD690}"
EndProject
Project("{2150E333-8FDC-42A3-9474-1A3956D46DE8}") = "Solution Items", "Solution Items", "{02FD1022-C6FC-45C2-B3A0-9F53F511037F}"
	ProjectSection(SolutionItems) = preProject
		.editorconfig = .editorconfig
		.travis.yml = .travis.yml
		azure-pipelines.yml = azure-pipelines.yml
		Directory.Build.props = Directory.Build.props
		Directory.Build.targets = Directory.Build.targets
	EndProjectSection
EndProject
Project("{9A19103F-16F7-4668-BE54-9A1E7A4F7556}") = "Hyena.Tests", "Tests\Hyena.Tests\Hyena.Tests.csproj", "{AD06C057-F9DD-485F-92FD-E1A87169E051}"
EndProject
Project("{9A19103F-16F7-4668-BE54-9A1E7A4F7556}") = "FSpot.Gtk", "src\Clients\FSpot.Gtk\FSpot.Gtk.csproj", "{803BF7B9-7BF1-436D-9821-BC392DBDFD22}"
EndProject
Project("{9344BDBB-3E7F-41FC-A0DD-8665D75EE146}") = "unique-sharp", "lib\unique-sharp\unique-sharp.csproj", "{F44A9A68-197A-4607-BF2E-6F35D2C9339E}"
EndProject
Project("{9344BDBB-3E7F-41FC-A0DD-8665D75EE146}") = "Hyena.Gui", "lib\Hyena\Hyena.Gui\Hyena.Gui.csproj", "{AB1E4F5F-A4AD-478A-8889-A87EA2A68114}"
EndProject
Project("{9344BDBB-3E7F-41FC-A0DD-8665D75EE146}") = "gtk-sharp-beans", "lib\gtk-sharp-beans\gtk-sharp-beans.csproj", "{FD6B5FA8-A3C1-48F0-95DE-44938D7209B5}"
EndProject
Project("{9344BDBB-3E7F-41FC-A0DD-8665D75EE146}") = "FSpot.Editors.Blackout", "src\Extensions\Editors\FSpot.Editors.Blackout\FSpot.Editors.Blackout.csproj", "{F8FE0E45-7AF9-42AC-AB03-A5A81B57B975}"
EndProject
Project("{9344BDBB-3E7F-41FC-A0DD-8665D75EE146}") = "FSpot.Editors.BW", "src\Extensions\Editors\FSpot.Editors.BW\FSpot.Editors.BW.csproj", "{1C8793FE-FD45-40DD-9454-5B15C7E419A1}"
EndProject
Project("{9344BDBB-3E7F-41FC-A0DD-8665D75EE146}") = "FSpot.Editors.Flip", "src\Extensions\Editors\FSpot.Editors.Flip\FSpot.Editors.Flip.csproj", "{AB93A562-5523-4B41-8C93-3389CCF36AA6}"
EndProject
Project("{9344BDBB-3E7F-41FC-A0DD-8665D75EE146}") = "FSpot.Editors.Pixelate", "src\Extensions\Editors\FSpot.Editors.Pixelate\FSpot.Editors.Pixelate.csproj", "{0E35FC56-C985-4A2E-A03F-7650D99B74A2}"
EndProject
Project("{9344BDBB-3E7F-41FC-A0DD-8665D75EE146}") = "FSpot.Editors.Resize", "src\Extensions\Editors\FSpot.Editors.Resize\FSpot.Editors.Resize.csproj", "{FB6C1444-6A12-4125-AB1A-CDA58847ECF1}"
EndProject
Project("{9344BDBB-3E7F-41FC-A0DD-8665D75EE146}") = "FSpot.Transitions.Cover", "src\Extensions\Transitions\FSpot.Transitions.Cover\FSpot.Transitions.Cover.csproj", "{E3B00612-DC83-4AB7-8D35-1FD79FB4DC1A}"
EndProject
Project("{9344BDBB-3E7F-41FC-A0DD-8665D75EE146}") = "FSpot.Transitions.Dissolve", "src\Extensions\Transitions\FSpot.Transitions.Dissolve\FSpot.Transitions.Dissolve.csproj", "{A4813985-0F8E-4030-8681-7F2550BCF6DC}"
EndProject
Project("{9344BDBB-3E7F-41FC-A0DD-8665D75EE146}") = "FSpot.Transitions.Push", "src\Extensions\Transitions\FSpot.Transitions.Push\FSpot.Transitions.Push.csproj", "{A82A2720-7EBE-405D-B043-1233E02A1B3C}"
EndProject
Project("{9344BDBB-3E7F-41FC-A0DD-8665D75EE146}") = "FSpot.Tools.ChangePhotoPath", "src\Extensions\Tools\FSpot.Tools.ChangePhotoPath\FSpot.Tools.ChangePhotoPath.csproj", "{E9C223E1-DBA7-4328-A5C5-81BE70E82B39}"
EndProject
Project("{9344BDBB-3E7F-41FC-A0DD-8665D75EE146}") = "FSpot.Tools.DevelopInUFRaw", "src\Extensions\Tools\FSpot.Tools.DevelopInUFraw\FSpot.Tools.DevelopInUFRaw.csproj", "{BA5E62D4-6337-4A9C-B3C9-16B7F6DC1832}"
EndProject
Project("{9344BDBB-3E7F-41FC-A0DD-8665D75EE146}") = "FSpot.Tools.LiveWebGallery", "src\Extensions\Tools\FSpot.Tools.LiveWebGallery\FSpot.Tools.LiveWebGallery.csproj", "{BC34FDD7-D8FD-4199-9C63-A69148B009DF}"
EndProject
Project("{9344BDBB-3E7F-41FC-A0DD-8665D75EE146}") = "FSpot.Tools.MergeDb", "src\Extensions\Tools\FSpot.Tools.MergeDb\FSpot.Tools.MergeDb.csproj", "{8F72F19D-2856-4FF4-AC66-3DA49A30E7AC}"
EndProject
Project("{9344BDBB-3E7F-41FC-A0DD-8665D75EE146}") = "FSpot.Tools.RawPlusJpeg", "src\Extensions\Tools\FSpot.Tools.RawPlusJpeg\FSpot.Tools.RawPlusJpeg.csproj", "{64565AEE-C569-45D0-8716-246F6557C325}"
EndProject
Project("{9344BDBB-3E7F-41FC-A0DD-8665D75EE146}") = "FSpot.Tools.RetroactiveRoll", "src\Extensions\Tools\FSpot.Tools.RetroactiveRoll\FSpot.Tools.RetroactiveRoll.csproj", "{13BA5FED-D602-4B2A-A076-73B4AE758B0E}"
EndProject
Project("{9344BDBB-3E7F-41FC-A0DD-8665D75EE146}") = "FSpot.Tools.ScreensaverConfig", "src\Extensions\Tools\FSpot.Tools.ScreensaverConfig\FSpot.Tools.ScreensaverConfig.csproj", "{19D8EF29-15B6-4AD4-B1EA-C82241F24934}"
EndProject
Project("{9344BDBB-3E7F-41FC-A0DD-8665D75EE146}") = "FSpot.Exporters.CD", "src\Extensions\Exporters\FSpot.Exporters.CD\FSpot.Exporters.CD.csproj", "{FB958F1D-0B82-4A8D-9AF1-428E98B78267}"
EndProject
Project("{9344BDBB-3E7F-41FC-A0DD-8665D75EE146}") = "FSpot.Exporters.Facebook", "src\Extensions\Exporters\FSpot.Exporters.Facebook\FSpot.Exporters.Facebook.csproj", "{C2F4EF29-5BC0-4214-879F-2C3E4248D546}"
EndProject
Project("{9344BDBB-3E7F-41FC-A0DD-8665D75EE146}") = "FSpot.Exporters.Flickr", "src\Extensions\Exporters\FSpot.Exporters.Flickr\FSpot.Exporters.Flickr.csproj", "{046A84E3-2E08-4C16-8B91-6C638E3AA130}"
EndProject
Project("{9344BDBB-3E7F-41FC-A0DD-8665D75EE146}") = "FSpot.Exporters.Folder", "src\Extensions\Exporters\FSpot.Exporters.Folder\FSpot.Exporters.Folder.csproj", "{EE3EAE26-21C0-4F00-85E2-16AFB0BEAD21}"
EndProject
Project("{9344BDBB-3E7F-41FC-A0DD-8665D75EE146}") = "FSpot.Exporters.Gallery", "src\Extensions\Exporters\FSpot.Exporters.Gallery\FSpot.Exporters.Gallery.csproj", "{F7711553-F970-43E9-A329-4EBF520C5EDB}"
EndProject
Project("{9344BDBB-3E7F-41FC-A0DD-8665D75EE146}") = "FSpot.Exporters.PicasaWeb", "src\Extensions\Exporters\FSpot.Exporters.PicasaWeb\FSpot.Exporters.PicasaWeb.csproj", "{A5A3B609-CA12-4DFD-A046-1E46B7A7EFA6}"
EndProject
Project("{9344BDBB-3E7F-41FC-A0DD-8665D75EE146}") = "FSpot.Exporters.SmugMug", "src\Extensions\Exporters\FSpot.Exporters.SmugMug\FSpot.Exporters.SmugMug.csproj", "{79E1FB03-15F2-4F50-9F28-A162D875FE4D}"
EndProject
Project("{9344BDBB-3E7F-41FC-A0DD-8665D75EE146}") = "FSpot.Exporters.Zip", "src\Extensions\Exporters\FSpot.Exporters.Zip\FSpot.Exporters.Zip.csproj", "{3EA12280-C5ED-472A-BE6C-3AE600A1C7A6}"
EndProject
Project("{9344BDBB-3E7F-41FC-A0DD-8665D75EE146}") = "FSpotExporters.UnitTest", "src\Extensions\Exporters\FSpotExporters.UnitTest\FSpotExporters.UnitTest.csproj", "{9177A30F-A5DE-4D2B-A157-DB0403785738}"
EndProject
Global
	GlobalSection(SolutionConfigurationPlatforms) = preSolution
		Debug|Any CPU = Debug|Any CPU
		Release|Any CPU = Release|Any CPU
		Submodule|Any CPU = Submodule|Any CPU
	EndGlobalSection
	GlobalSection(ProjectConfigurationPlatforms) = postSolution
		{40C7D4EA-FB93-49FE-B18F-700A28C3E670}.Debug|Any CPU.ActiveCfg = Debug|Any CPU
		{40C7D4EA-FB93-49FE-B18F-700A28C3E670}.Debug|Any CPU.Build.0 = Debug|Any CPU
		{40C7D4EA-FB93-49FE-B18F-700A28C3E670}.Release|Any CPU.ActiveCfg = Release|Any CPU
		{40C7D4EA-FB93-49FE-B18F-700A28C3E670}.Release|Any CPU.Build.0 = Release|Any CPU
		{40C7D4EA-FB93-49FE-B18F-700A28C3E670}.Submodule|Any CPU.ActiveCfg = Debug|Any CPU
		{40C7D4EA-FB93-49FE-B18F-700A28C3E670}.Submodule|Any CPU.Build.0 = Debug|Any CPU
		{FFC3D9B1-B19A-44D8-8AA2-96DDE911320E}.Debug|Any CPU.ActiveCfg = Debug|Any CPU
		{FFC3D9B1-B19A-44D8-8AA2-96DDE911320E}.Debug|Any CPU.Build.0 = Debug|Any CPU
		{FFC3D9B1-B19A-44D8-8AA2-96DDE911320E}.Release|Any CPU.ActiveCfg = Release|Any CPU
		{FFC3D9B1-B19A-44D8-8AA2-96DDE911320E}.Release|Any CPU.Build.0 = Release|Any CPU
		{FFC3D9B1-B19A-44D8-8AA2-96DDE911320E}.Submodule|Any CPU.ActiveCfg = Debug|Any CPU
		{FFC3D9B1-B19A-44D8-8AA2-96DDE911320E}.Submodule|Any CPU.Build.0 = Debug|Any CPU
		{95374549-9553-4C1E-9D89-667755F90E12}.Debug|Any CPU.ActiveCfg = Debug|Any CPU
		{95374549-9553-4C1E-9D89-667755F90E12}.Debug|Any CPU.Build.0 = Debug|Any CPU
		{95374549-9553-4C1E-9D89-667755F90E12}.Release|Any CPU.ActiveCfg = Release|Any CPU
		{95374549-9553-4C1E-9D89-667755F90E12}.Release|Any CPU.Build.0 = Release|Any CPU
		{95374549-9553-4C1E-9D89-667755F90E12}.Submodule|Any CPU.ActiveCfg = Debug|Any CPU
		{95374549-9553-4C1E-9D89-667755F90E12}.Submodule|Any CPU.Build.0 = Debug|Any CPU
		{95374549-9553-4C1E-9D89-667755F90E13}.Debug|Any CPU.ActiveCfg = Debug|Any CPU
		{95374549-9553-4C1E-9D89-667755F90E13}.Debug|Any CPU.Build.0 = Debug|Any CPU
		{95374549-9553-4C1E-9D89-667755F90E13}.Release|Any CPU.ActiveCfg = Release|Any CPU
		{95374549-9553-4C1E-9D89-667755F90E13}.Release|Any CPU.Build.0 = Release|Any CPU
		{95374549-9553-4C1E-9D89-667755F90E13}.Submodule|Any CPU.ActiveCfg = Debug|Any CPU
		{95374549-9553-4C1E-9D89-667755F90E13}.Submodule|Any CPU.Build.0 = Debug|Any CPU
		{91DD5A2D-9FE3-4C3C-9253-876141874DAD}.Debug|Any CPU.ActiveCfg = Debug|Any CPU
		{91DD5A2D-9FE3-4C3C-9253-876141874DAD}.Debug|Any CPU.Build.0 = Debug|Any CPU
		{91DD5A2D-9FE3-4C3C-9253-876141874DAD}.Release|Any CPU.ActiveCfg = Release|Any CPU
		{91DD5A2D-9FE3-4C3C-9253-876141874DAD}.Release|Any CPU.Build.0 = Release|Any CPU
		{91DD5A2D-9FE3-4C3C-9253-876141874DAD}.Submodule|Any CPU.ActiveCfg = Debug|Any CPU
		{91DD5A2D-9FE3-4C3C-9253-876141874DAD}.Submodule|Any CPU.Build.0 = Debug|Any CPU
		{A85C9721-C054-4BD8-A1F3-0227615F0A36}.Debug|Any CPU.ActiveCfg = Debug|Any CPU
		{A85C9721-C054-4BD8-A1F3-0227615F0A36}.Debug|Any CPU.Build.0 = Debug|Any CPU
		{A85C9721-C054-4BD8-A1F3-0227615F0A36}.Release|Any CPU.ActiveCfg = Release|Any CPU
		{A85C9721-C054-4BD8-A1F3-0227615F0A36}.Release|Any CPU.Build.0 = Release|Any CPU
		{A85C9721-C054-4BD8-A1F3-0227615F0A36}.Submodule|Any CPU.ActiveCfg = Debug|Any CPU
		{A85C9721-C054-4BD8-A1F3-0227615F0A36}.Submodule|Any CPU.Build.0 = Debug|Any CPU
		{FEC19BDA-4904-4005-8C09-68E82E8BEF6A}.Debug|Any CPU.ActiveCfg = Debug|Any CPU
		{FEC19BDA-4904-4005-8C09-68E82E8BEF6A}.Debug|Any CPU.Build.0 = Debug|Any CPU
		{FEC19BDA-4904-4005-8C09-68E82E8BEF6A}.Release|Any CPU.ActiveCfg = Release|Any CPU
		{FEC19BDA-4904-4005-8C09-68E82E8BEF6A}.Release|Any CPU.Build.0 = Release|Any CPU
		{FEC19BDA-4904-4005-8C09-68E82E8BEF6A}.Submodule|Any CPU.ActiveCfg = Debug|Any CPU
		{FEC19BDA-4904-4005-8C09-68E82E8BEF6A}.Submodule|Any CPU.Build.0 = Debug|Any CPU
		{7437A513-4130-4997-B810-D634BA54F4BB}.Debug|Any CPU.ActiveCfg = Debug|Any CPU
		{7437A513-4130-4997-B810-D634BA54F4BB}.Debug|Any CPU.Build.0 = Debug|Any CPU
		{7437A513-4130-4997-B810-D634BA54F4BB}.Release|Any CPU.ActiveCfg = Release|Any CPU
		{7437A513-4130-4997-B810-D634BA54F4BB}.Release|Any CPU.Build.0 = Release|Any CPU
		{7437A513-4130-4997-B810-D634BA54F4BB}.Submodule|Any CPU.ActiveCfg = Debug|Any CPU
		{7437A513-4130-4997-B810-D634BA54F4BB}.Submodule|Any CPU.Build.0 = Debug|Any CPU
		{B62019DB-E092-45D6-8715-2CAAE04DD690}.Debug|Any CPU.ActiveCfg = Debug|Any CPU
		{B62019DB-E092-45D6-8715-2CAAE04DD690}.Debug|Any CPU.Build.0 = Debug|Any CPU
		{B62019DB-E092-45D6-8715-2CAAE04DD690}.Release|Any CPU.ActiveCfg = Release|Any CPU
		{B62019DB-E092-45D6-8715-2CAAE04DD690}.Release|Any CPU.Build.0 = Release|Any CPU
		{B62019DB-E092-45D6-8715-2CAAE04DD690}.Submodule|Any CPU.ActiveCfg = Debug|Any CPU
		{B62019DB-E092-45D6-8715-2CAAE04DD690}.Submodule|Any CPU.Build.0 = Debug|Any CPU
		{AD06C057-F9DD-485F-92FD-E1A87169E051}.Debug|Any CPU.ActiveCfg = Debug|Any CPU
		{AD06C057-F9DD-485F-92FD-E1A87169E051}.Debug|Any CPU.Build.0 = Debug|Any CPU
		{AD06C057-F9DD-485F-92FD-E1A87169E051}.Release|Any CPU.ActiveCfg = Release|Any CPU
		{AD06C057-F9DD-485F-92FD-E1A87169E051}.Release|Any CPU.Build.0 = Release|Any CPU
		{AD06C057-F9DD-485F-92FD-E1A87169E051}.Submodule|Any CPU.ActiveCfg = Debug|Any CPU
		{AD06C057-F9DD-485F-92FD-E1A87169E051}.Submodule|Any CPU.Build.0 = Debug|Any CPU
		{803BF7B9-7BF1-436D-9821-BC392DBDFD22}.Debug|Any CPU.ActiveCfg = Debug|Any CPU
		{803BF7B9-7BF1-436D-9821-BC392DBDFD22}.Debug|Any CPU.Build.0 = Debug|Any CPU
		{803BF7B9-7BF1-436D-9821-BC392DBDFD22}.Release|Any CPU.ActiveCfg = Release|Any CPU
		{803BF7B9-7BF1-436D-9821-BC392DBDFD22}.Release|Any CPU.Build.0 = Release|Any CPU
		{803BF7B9-7BF1-436D-9821-BC392DBDFD22}.Submodule|Any CPU.ActiveCfg = Release|Any CPU
		{803BF7B9-7BF1-436D-9821-BC392DBDFD22}.Submodule|Any CPU.Build.0 = Release|Any CPU
		{F44A9A68-197A-4607-BF2E-6F35D2C9339E}.Debug|Any CPU.ActiveCfg = Debug|Any CPU
		{F44A9A68-197A-4607-BF2E-6F35D2C9339E}.Debug|Any CPU.Build.0 = Debug|Any CPU
		{F44A9A68-197A-4607-BF2E-6F35D2C9339E}.Release|Any CPU.ActiveCfg = Release|Any CPU
		{F44A9A68-197A-4607-BF2E-6F35D2C9339E}.Release|Any CPU.Build.0 = Release|Any CPU
		{F44A9A68-197A-4607-BF2E-6F35D2C9339E}.Submodule|Any CPU.ActiveCfg = Debug|Any CPU
		{F44A9A68-197A-4607-BF2E-6F35D2C9339E}.Submodule|Any CPU.Build.0 = Debug|Any CPU
		{AB1E4F5F-A4AD-478A-8889-A87EA2A68114}.Debug|Any CPU.ActiveCfg = Debug|Any CPU
		{AB1E4F5F-A4AD-478A-8889-A87EA2A68114}.Debug|Any CPU.Build.0 = Debug|Any CPU
		{AB1E4F5F-A4AD-478A-8889-A87EA2A68114}.Release|Any CPU.ActiveCfg = Release|Any CPU
		{AB1E4F5F-A4AD-478A-8889-A87EA2A68114}.Release|Any CPU.Build.0 = Release|Any CPU
		{AB1E4F5F-A4AD-478A-8889-A87EA2A68114}.Submodule|Any CPU.ActiveCfg = Debug|Any CPU
		{AB1E4F5F-A4AD-478A-8889-A87EA2A68114}.Submodule|Any CPU.Build.0 = Debug|Any CPU
		{FD6B5FA8-A3C1-48F0-95DE-44938D7209B5}.Debug|Any CPU.ActiveCfg = Debug|Any CPU
		{FD6B5FA8-A3C1-48F0-95DE-44938D7209B5}.Debug|Any CPU.Build.0 = Debug|Any CPU
		{FD6B5FA8-A3C1-48F0-95DE-44938D7209B5}.Release|Any CPU.ActiveCfg = Release|Any CPU
		{FD6B5FA8-A3C1-48F0-95DE-44938D7209B5}.Release|Any CPU.Build.0 = Release|Any CPU
		{FD6B5FA8-A3C1-48F0-95DE-44938D7209B5}.Submodule|Any CPU.ActiveCfg = Debug|Any CPU
		{FD6B5FA8-A3C1-48F0-95DE-44938D7209B5}.Submodule|Any CPU.Build.0 = Debug|Any CPU
		{F8FE0E45-7AF9-42AC-AB03-A5A81B57B975}.Debug|Any CPU.ActiveCfg = Debug|Any CPU
		{F8FE0E45-7AF9-42AC-AB03-A5A81B57B975}.Debug|Any CPU.Build.0 = Debug|Any CPU
		{F8FE0E45-7AF9-42AC-AB03-A5A81B57B975}.Release|Any CPU.ActiveCfg = Release|Any CPU
		{F8FE0E45-7AF9-42AC-AB03-A5A81B57B975}.Release|Any CPU.Build.0 = Release|Any CPU
		{F8FE0E45-7AF9-42AC-AB03-A5A81B57B975}.Submodule|Any CPU.ActiveCfg = Debug|Any CPU
		{F8FE0E45-7AF9-42AC-AB03-A5A81B57B975}.Submodule|Any CPU.Build.0 = Debug|Any CPU
		{1C8793FE-FD45-40DD-9454-5B15C7E419A1}.Debug|Any CPU.ActiveCfg = Debug|Any CPU
		{1C8793FE-FD45-40DD-9454-5B15C7E419A1}.Debug|Any CPU.Build.0 = Debug|Any CPU
		{1C8793FE-FD45-40DD-9454-5B15C7E419A1}.Release|Any CPU.ActiveCfg = Release|Any CPU
		{1C8793FE-FD45-40DD-9454-5B15C7E419A1}.Release|Any CPU.Build.0 = Release|Any CPU
		{1C8793FE-FD45-40DD-9454-5B15C7E419A1}.Submodule|Any CPU.ActiveCfg = Debug|Any CPU
		{1C8793FE-FD45-40DD-9454-5B15C7E419A1}.Submodule|Any CPU.Build.0 = Debug|Any CPU
		{AB93A562-5523-4B41-8C93-3389CCF36AA6}.Debug|Any CPU.ActiveCfg = Debug|Any CPU
		{AB93A562-5523-4B41-8C93-3389CCF36AA6}.Debug|Any CPU.Build.0 = Debug|Any CPU
		{AB93A562-5523-4B41-8C93-3389CCF36AA6}.Release|Any CPU.ActiveCfg = Release|Any CPU
		{AB93A562-5523-4B41-8C93-3389CCF36AA6}.Release|Any CPU.Build.0 = Release|Any CPU
		{AB93A562-5523-4B41-8C93-3389CCF36AA6}.Submodule|Any CPU.ActiveCfg = Debug|Any CPU
		{AB93A562-5523-4B41-8C93-3389CCF36AA6}.Submodule|Any CPU.Build.0 = Debug|Any CPU
		{0E35FC56-C985-4A2E-A03F-7650D99B74A2}.Debug|Any CPU.ActiveCfg = Debug|Any CPU
		{0E35FC56-C985-4A2E-A03F-7650D99B74A2}.Debug|Any CPU.Build.0 = Debug|Any CPU
		{0E35FC56-C985-4A2E-A03F-7650D99B74A2}.Release|Any CPU.ActiveCfg = Release|Any CPU
		{0E35FC56-C985-4A2E-A03F-7650D99B74A2}.Release|Any CPU.Build.0 = Release|Any CPU
		{0E35FC56-C985-4A2E-A03F-7650D99B74A2}.Submodule|Any CPU.ActiveCfg = Debug|Any CPU
		{0E35FC56-C985-4A2E-A03F-7650D99B74A2}.Submodule|Any CPU.Build.0 = Debug|Any CPU
		{FB6C1444-6A12-4125-AB1A-CDA58847ECF1}.Debug|Any CPU.ActiveCfg = Debug|Any CPU
		{FB6C1444-6A12-4125-AB1A-CDA58847ECF1}.Debug|Any CPU.Build.0 = Debug|Any CPU
		{FB6C1444-6A12-4125-AB1A-CDA58847ECF1}.Release|Any CPU.ActiveCfg = Release|Any CPU
		{FB6C1444-6A12-4125-AB1A-CDA58847ECF1}.Release|Any CPU.Build.0 = Release|Any CPU
		{FB6C1444-6A12-4125-AB1A-CDA58847ECF1}.Submodule|Any CPU.ActiveCfg = Debug|Any CPU
		{FB6C1444-6A12-4125-AB1A-CDA58847ECF1}.Submodule|Any CPU.Build.0 = Debug|Any CPU
		{E3B00612-DC83-4AB7-8D35-1FD79FB4DC1A}.Debug|Any CPU.ActiveCfg = Debug|Any CPU
		{E3B00612-DC83-4AB7-8D35-1FD79FB4DC1A}.Debug|Any CPU.Build.0 = Debug|Any CPU
		{E3B00612-DC83-4AB7-8D35-1FD79FB4DC1A}.Release|Any CPU.ActiveCfg = Release|Any CPU
		{E3B00612-DC83-4AB7-8D35-1FD79FB4DC1A}.Release|Any CPU.Build.0 = Release|Any CPU
		{E3B00612-DC83-4AB7-8D35-1FD79FB4DC1A}.Submodule|Any CPU.ActiveCfg = Debug|Any CPU
		{E3B00612-DC83-4AB7-8D35-1FD79FB4DC1A}.Submodule|Any CPU.Build.0 = Debug|Any CPU
		{A4813985-0F8E-4030-8681-7F2550BCF6DC}.Debug|Any CPU.ActiveCfg = Debug|Any CPU
		{A4813985-0F8E-4030-8681-7F2550BCF6DC}.Debug|Any CPU.Build.0 = Debug|Any CPU
		{A4813985-0F8E-4030-8681-7F2550BCF6DC}.Release|Any CPU.ActiveCfg = Release|Any CPU
		{A4813985-0F8E-4030-8681-7F2550BCF6DC}.Release|Any CPU.Build.0 = Release|Any CPU
		{A4813985-0F8E-4030-8681-7F2550BCF6DC}.Submodule|Any CPU.ActiveCfg = Debug|Any CPU
		{A4813985-0F8E-4030-8681-7F2550BCF6DC}.Submodule|Any CPU.Build.0 = Debug|Any CPU
		{A82A2720-7EBE-405D-B043-1233E02A1B3C}.Debug|Any CPU.ActiveCfg = Debug|Any CPU
		{A82A2720-7EBE-405D-B043-1233E02A1B3C}.Debug|Any CPU.Build.0 = Debug|Any CPU
		{A82A2720-7EBE-405D-B043-1233E02A1B3C}.Release|Any CPU.ActiveCfg = Release|Any CPU
		{A82A2720-7EBE-405D-B043-1233E02A1B3C}.Release|Any CPU.Build.0 = Release|Any CPU
		{A82A2720-7EBE-405D-B043-1233E02A1B3C}.Submodule|Any CPU.ActiveCfg = Debug|Any CPU
		{A82A2720-7EBE-405D-B043-1233E02A1B3C}.Submodule|Any CPU.Build.0 = Debug|Any CPU
		{E9C223E1-DBA7-4328-A5C5-81BE70E82B39}.Debug|Any CPU.ActiveCfg = Debug|Any CPU
		{E9C223E1-DBA7-4328-A5C5-81BE70E82B39}.Debug|Any CPU.Build.0 = Debug|Any CPU
		{E9C223E1-DBA7-4328-A5C5-81BE70E82B39}.Release|Any CPU.ActiveCfg = Release|Any CPU
		{E9C223E1-DBA7-4328-A5C5-81BE70E82B39}.Release|Any CPU.Build.0 = Release|Any CPU
		{E9C223E1-DBA7-4328-A5C5-81BE70E82B39}.Submodule|Any CPU.ActiveCfg = Debug|Any CPU
		{E9C223E1-DBA7-4328-A5C5-81BE70E82B39}.Submodule|Any CPU.Build.0 = Debug|Any CPU
		{BA5E62D4-6337-4A9C-B3C9-16B7F6DC1832}.Debug|Any CPU.ActiveCfg = Debug|Any CPU
		{BA5E62D4-6337-4A9C-B3C9-16B7F6DC1832}.Debug|Any CPU.Build.0 = Debug|Any CPU
		{BA5E62D4-6337-4A9C-B3C9-16B7F6DC1832}.Release|Any CPU.ActiveCfg = Release|Any CPU
		{BA5E62D4-6337-4A9C-B3C9-16B7F6DC1832}.Release|Any CPU.Build.0 = Release|Any CPU
		{BA5E62D4-6337-4A9C-B3C9-16B7F6DC1832}.Submodule|Any CPU.ActiveCfg = Debug|Any CPU
		{BA5E62D4-6337-4A9C-B3C9-16B7F6DC1832}.Submodule|Any CPU.Build.0 = Debug|Any CPU
		{BC34FDD7-D8FD-4199-9C63-A69148B009DF}.Debug|Any CPU.ActiveCfg = Debug|Any CPU
		{BC34FDD7-D8FD-4199-9C63-A69148B009DF}.Debug|Any CPU.Build.0 = Debug|Any CPU
		{BC34FDD7-D8FD-4199-9C63-A69148B009DF}.Release|Any CPU.ActiveCfg = Release|Any CPU
		{BC34FDD7-D8FD-4199-9C63-A69148B009DF}.Release|Any CPU.Build.0 = Release|Any CPU
		{BC34FDD7-D8FD-4199-9C63-A69148B009DF}.Submodule|Any CPU.ActiveCfg = Debug|Any CPU
		{BC34FDD7-D8FD-4199-9C63-A69148B009DF}.Submodule|Any CPU.Build.0 = Debug|Any CPU
		{8F72F19D-2856-4FF4-AC66-3DA49A30E7AC}.Debug|Any CPU.ActiveCfg = Debug|Any CPU
		{8F72F19D-2856-4FF4-AC66-3DA49A30E7AC}.Debug|Any CPU.Build.0 = Debug|Any CPU
		{8F72F19D-2856-4FF4-AC66-3DA49A30E7AC}.Release|Any CPU.ActiveCfg = Release|Any CPU
		{8F72F19D-2856-4FF4-AC66-3DA49A30E7AC}.Release|Any CPU.Build.0 = Release|Any CPU
		{8F72F19D-2856-4FF4-AC66-3DA49A30E7AC}.Submodule|Any CPU.ActiveCfg = Debug|Any CPU
		{8F72F19D-2856-4FF4-AC66-3DA49A30E7AC}.Submodule|Any CPU.Build.0 = Debug|Any CPU
		{64565AEE-C569-45D0-8716-246F6557C325}.Debug|Any CPU.ActiveCfg = Debug|Any CPU
		{64565AEE-C569-45D0-8716-246F6557C325}.Debug|Any CPU.Build.0 = Debug|Any CPU
		{64565AEE-C569-45D0-8716-246F6557C325}.Release|Any CPU.ActiveCfg = Release|Any CPU
		{64565AEE-C569-45D0-8716-246F6557C325}.Release|Any CPU.Build.0 = Release|Any CPU
		{64565AEE-C569-45D0-8716-246F6557C325}.Submodule|Any CPU.ActiveCfg = Debug|Any CPU
		{64565AEE-C569-45D0-8716-246F6557C325}.Submodule|Any CPU.Build.0 = Debug|Any CPU
		{13BA5FED-D602-4B2A-A076-73B4AE758B0E}.Debug|Any CPU.ActiveCfg = Debug|Any CPU
		{13BA5FED-D602-4B2A-A076-73B4AE758B0E}.Debug|Any CPU.Build.0 = Debug|Any CPU
		{13BA5FED-D602-4B2A-A076-73B4AE758B0E}.Release|Any CPU.ActiveCfg = Release|Any CPU
		{13BA5FED-D602-4B2A-A076-73B4AE758B0E}.Release|Any CPU.Build.0 = Release|Any CPU
		{13BA5FED-D602-4B2A-A076-73B4AE758B0E}.Submodule|Any CPU.ActiveCfg = Debug|Any CPU
		{13BA5FED-D602-4B2A-A076-73B4AE758B0E}.Submodule|Any CPU.Build.0 = Debug|Any CPU
		{19D8EF29-15B6-4AD4-B1EA-C82241F24934}.Debug|Any CPU.ActiveCfg = Debug|Any CPU
		{19D8EF29-15B6-4AD4-B1EA-C82241F24934}.Debug|Any CPU.Build.0 = Debug|Any CPU
		{19D8EF29-15B6-4AD4-B1EA-C82241F24934}.Release|Any CPU.ActiveCfg = Release|Any CPU
		{19D8EF29-15B6-4AD4-B1EA-C82241F24934}.Release|Any CPU.Build.0 = Release|Any CPU
		{19D8EF29-15B6-4AD4-B1EA-C82241F24934}.Submodule|Any CPU.ActiveCfg = Debug|Any CPU
		{19D8EF29-15B6-4AD4-B1EA-C82241F24934}.Submodule|Any CPU.Build.0 = Debug|Any CPU
		{FB958F1D-0B82-4A8D-9AF1-428E98B78267}.Debug|Any CPU.ActiveCfg = Debug|Any CPU
		{FB958F1D-0B82-4A8D-9AF1-428E98B78267}.Debug|Any CPU.Build.0 = Debug|Any CPU
		{FB958F1D-0B82-4A8D-9AF1-428E98B78267}.Release|Any CPU.ActiveCfg = Release|Any CPU
		{FB958F1D-0B82-4A8D-9AF1-428E98B78267}.Release|Any CPU.Build.0 = Release|Any CPU
		{FB958F1D-0B82-4A8D-9AF1-428E98B78267}.Submodule|Any CPU.ActiveCfg = Debug|Any CPU
		{FB958F1D-0B82-4A8D-9AF1-428E98B78267}.Submodule|Any CPU.Build.0 = Debug|Any CPU
		{C2F4EF29-5BC0-4214-879F-2C3E4248D546}.Debug|Any CPU.ActiveCfg = Debug|Any CPU
		{C2F4EF29-5BC0-4214-879F-2C3E4248D546}.Debug|Any CPU.Build.0 = Debug|Any CPU
		{C2F4EF29-5BC0-4214-879F-2C3E4248D546}.Release|Any CPU.ActiveCfg = Release|Any CPU
		{C2F4EF29-5BC0-4214-879F-2C3E4248D546}.Release|Any CPU.Build.0 = Release|Any CPU
		{C2F4EF29-5BC0-4214-879F-2C3E4248D546}.Submodule|Any CPU.ActiveCfg = Debug|Any CPU
		{C2F4EF29-5BC0-4214-879F-2C3E4248D546}.Submodule|Any CPU.Build.0 = Debug|Any CPU
		{046A84E3-2E08-4C16-8B91-6C638E3AA130}.Debug|Any CPU.ActiveCfg = Debug|Any CPU
		{046A84E3-2E08-4C16-8B91-6C638E3AA130}.Debug|Any CPU.Build.0 = Debug|Any CPU
		{046A84E3-2E08-4C16-8B91-6C638E3AA130}.Release|Any CPU.ActiveCfg = Release|Any CPU
		{046A84E3-2E08-4C16-8B91-6C638E3AA130}.Release|Any CPU.Build.0 = Release|Any CPU
		{046A84E3-2E08-4C16-8B91-6C638E3AA130}.Submodule|Any CPU.ActiveCfg = Debug|Any CPU
		{046A84E3-2E08-4C16-8B91-6C638E3AA130}.Submodule|Any CPU.Build.0 = Debug|Any CPU
		{EE3EAE26-21C0-4F00-85E2-16AFB0BEAD21}.Debug|Any CPU.ActiveCfg = Debug|Any CPU
		{EE3EAE26-21C0-4F00-85E2-16AFB0BEAD21}.Debug|Any CPU.Build.0 = Debug|Any CPU
		{EE3EAE26-21C0-4F00-85E2-16AFB0BEAD21}.Release|Any CPU.ActiveCfg = Release|Any CPU
		{EE3EAE26-21C0-4F00-85E2-16AFB0BEAD21}.Release|Any CPU.Build.0 = Release|Any CPU
		{EE3EAE26-21C0-4F00-85E2-16AFB0BEAD21}.Submodule|Any CPU.ActiveCfg = Debug|Any CPU
		{EE3EAE26-21C0-4F00-85E2-16AFB0BEAD21}.Submodule|Any CPU.Build.0 = Debug|Any CPU
		{F7711553-F970-43E9-A329-4EBF520C5EDB}.Debug|Any CPU.ActiveCfg = Debug|Any CPU
		{F7711553-F970-43E9-A329-4EBF520C5EDB}.Debug|Any CPU.Build.0 = Debug|Any CPU
		{F7711553-F970-43E9-A329-4EBF520C5EDB}.Release|Any CPU.ActiveCfg = Release|Any CPU
		{F7711553-F970-43E9-A329-4EBF520C5EDB}.Release|Any CPU.Build.0 = Release|Any CPU
		{F7711553-F970-43E9-A329-4EBF520C5EDB}.Submodule|Any CPU.ActiveCfg = Debug|Any CPU
		{F7711553-F970-43E9-A329-4EBF520C5EDB}.Submodule|Any CPU.Build.0 = Debug|Any CPU
		{A5A3B609-CA12-4DFD-A046-1E46B7A7EFA6}.Debug|Any CPU.ActiveCfg = Debug|Any CPU
		{A5A3B609-CA12-4DFD-A046-1E46B7A7EFA6}.Debug|Any CPU.Build.0 = Debug|Any CPU
		{A5A3B609-CA12-4DFD-A046-1E46B7A7EFA6}.Release|Any CPU.ActiveCfg = Release|Any CPU
		{A5A3B609-CA12-4DFD-A046-1E46B7A7EFA6}.Release|Any CPU.Build.0 = Release|Any CPU
		{A5A3B609-CA12-4DFD-A046-1E46B7A7EFA6}.Submodule|Any CPU.ActiveCfg = Debug|Any CPU
		{A5A3B609-CA12-4DFD-A046-1E46B7A7EFA6}.Submodule|Any CPU.Build.0 = Debug|Any CPU
		{79E1FB03-15F2-4F50-9F28-A162D875FE4D}.Debug|Any CPU.ActiveCfg = Debug|Any CPU
		{79E1FB03-15F2-4F50-9F28-A162D875FE4D}.Debug|Any CPU.Build.0 = Debug|Any CPU
		{79E1FB03-15F2-4F50-9F28-A162D875FE4D}.Release|Any CPU.ActiveCfg = Release|Any CPU
		{79E1FB03-15F2-4F50-9F28-A162D875FE4D}.Release|Any CPU.Build.0 = Release|Any CPU
		{79E1FB03-15F2-4F50-9F28-A162D875FE4D}.Submodule|Any CPU.ActiveCfg = Debug|Any CPU
		{79E1FB03-15F2-4F50-9F28-A162D875FE4D}.Submodule|Any CPU.Build.0 = Debug|Any CPU
		{3EA12280-C5ED-472A-BE6C-3AE600A1C7A6}.Debug|Any CPU.ActiveCfg = Debug|Any CPU
		{3EA12280-C5ED-472A-BE6C-3AE600A1C7A6}.Debug|Any CPU.Build.0 = Debug|Any CPU
		{3EA12280-C5ED-472A-BE6C-3AE600A1C7A6}.Release|Any CPU.ActiveCfg = Release|Any CPU
		{3EA12280-C5ED-472A-BE6C-3AE600A1C7A6}.Release|Any CPU.Build.0 = Release|Any CPU
		{3EA12280-C5ED-472A-BE6C-3AE600A1C7A6}.Submodule|Any CPU.ActiveCfg = Debug|Any CPU
		{3EA12280-C5ED-472A-BE6C-3AE600A1C7A6}.Submodule|Any CPU.Build.0 = Debug|Any CPU
		{9177A30F-A5DE-4D2B-A157-DB0403785738}.Debug|Any CPU.ActiveCfg = Debug|Any CPU
		{9177A30F-A5DE-4D2B-A157-DB0403785738}.Debug|Any CPU.Build.0 = Debug|Any CPU
		{9177A30F-A5DE-4D2B-A157-DB0403785738}.Release|Any CPU.ActiveCfg = Release|Any CPU
		{9177A30F-A5DE-4D2B-A157-DB0403785738}.Release|Any CPU.Build.0 = Release|Any CPU
		{9177A30F-A5DE-4D2B-A157-DB0403785738}.Submodule|Any CPU.ActiveCfg = Debug|Any CPU
		{9177A30F-A5DE-4D2B-A157-DB0403785738}.Submodule|Any CPU.Build.0 = Debug|Any CPU
	EndGlobalSection
	GlobalSection(SolutionProperties) = preSolution
		HideSolutionNode = FALSE
	EndGlobalSection
	GlobalSection(NestedProjects) = preSolution
		{40C7D4EA-FB93-49FE-B18F-700A28C3E670} = {6369E0D4-0A68-4D4E-A6A0-EF2EA793002F}
		{FFC3D9B1-B19A-44D8-8AA2-96DDE911320E} = {6369E0D4-0A68-4D4E-A6A0-EF2EA793002F}
		{95374549-9553-4C1E-9D89-667755F90E12} = {6369E0D4-0A68-4D4E-A6A0-EF2EA793002F}
		{95374549-9553-4C1E-9D89-667755F90E13} = {6369E0D4-0A68-4D4E-A6A0-EF2EA793002F}
		{416E19A2-9CD9-498F-BE75-20AB74535ACD} = {7D049DAA-F1B0-4697-9BCA-91FC0E1A2B9D}
		{E9BCB7B9-3D8C-4C5C-B6FA-0BBAC6611106} = {7D049DAA-F1B0-4697-9BCA-91FC0E1A2B9D}
		{78EC5D8B-299B-4724-844D-6F3A8E8D1536} = {7D049DAA-F1B0-4697-9BCA-91FC0E1A2B9D}
		{C9302C4A-B571-4F8E-8FFA-7B4C7DF8B3E3} = {7D049DAA-F1B0-4697-9BCA-91FC0E1A2B9D}
		{91DD5A2D-9FE3-4C3C-9253-876141874DAD} = {A6C38ABC-9B2B-4693-A16C-0741E5561B32}
		{A85C9721-C054-4BD8-A1F3-0227615F0A36} = {A6C38ABC-9B2B-4693-A16C-0741E5561B32}
		{FEC19BDA-4904-4005-8C09-68E82E8BEF6A} = {A6C38ABC-9B2B-4693-A16C-0741E5561B32}
		{7437A513-4130-4997-B810-D634BA54F4BB} = {6DC9A109-EC89-4221-B8CD-9E88B589DBC1}
		{B62019DB-E092-45D6-8715-2CAAE04DD690} = {F5E47B6A-33E7-470E-BDEC-669053C6809A}
		{AD06C057-F9DD-485F-92FD-E1A87169E051} = {F5E47B6A-33E7-470E-BDEC-669053C6809A}
		{803BF7B9-7BF1-436D-9821-BC392DBDFD22} = {9D75644A-DEF1-4362-8553-4B5F09783DC9}
		{F44A9A68-197A-4607-BF2E-6F35D2C9339E} = {6369E0D4-0A68-4D4E-A6A0-EF2EA793002F}
		{AB1E4F5F-A4AD-478A-8889-A87EA2A68114} = {6369E0D4-0A68-4D4E-A6A0-EF2EA793002F}
		{FD6B5FA8-A3C1-48F0-95DE-44938D7209B5} = {6369E0D4-0A68-4D4E-A6A0-EF2EA793002F}
		{F8FE0E45-7AF9-42AC-AB03-A5A81B57B975} = {416E19A2-9CD9-498F-BE75-20AB74535ACD}
		{1C8793FE-FD45-40DD-9454-5B15C7E419A1} = {416E19A2-9CD9-498F-BE75-20AB74535ACD}
		{AB93A562-5523-4B41-8C93-3389CCF36AA6} = {416E19A2-9CD9-498F-BE75-20AB74535ACD}
		{0E35FC56-C985-4A2E-A03F-7650D99B74A2} = {416E19A2-9CD9-498F-BE75-20AB74535ACD}
		{FB6C1444-6A12-4125-AB1A-CDA58847ECF1} = {416E19A2-9CD9-498F-BE75-20AB74535ACD}
		{E3B00612-DC83-4AB7-8D35-1FD79FB4DC1A} = {E9BCB7B9-3D8C-4C5C-B6FA-0BBAC6611106}
		{A4813985-0F8E-4030-8681-7F2550BCF6DC} = {E9BCB7B9-3D8C-4C5C-B6FA-0BBAC6611106}
		{A82A2720-7EBE-405D-B043-1233E02A1B3C} = {E9BCB7B9-3D8C-4C5C-B6FA-0BBAC6611106}
		{E9C223E1-DBA7-4328-A5C5-81BE70E82B39} = {78EC5D8B-299B-4724-844D-6F3A8E8D1536}
		{BA5E62D4-6337-4A9C-B3C9-16B7F6DC1832} = {78EC5D8B-299B-4724-844D-6F3A8E8D1536}
		{BC34FDD7-D8FD-4199-9C63-A69148B009DF} = {78EC5D8B-299B-4724-844D-6F3A8E8D1536}
		{8F72F19D-2856-4FF4-AC66-3DA49A30E7AC} = {78EC5D8B-299B-4724-844D-6F3A8E8D1536}
		{64565AEE-C569-45D0-8716-246F6557C325} = {78EC5D8B-299B-4724-844D-6F3A8E8D1536}
		{13BA5FED-D602-4B2A-A076-73B4AE758B0E} = {78EC5D8B-299B-4724-844D-6F3A8E8D1536}
		{19D8EF29-15B6-4AD4-B1EA-C82241F24934} = {78EC5D8B-299B-4724-844D-6F3A8E8D1536}
		{FB958F1D-0B82-4A8D-9AF1-428E98B78267} = {C9302C4A-B571-4F8E-8FFA-7B4C7DF8B3E3}
		{C2F4EF29-5BC0-4214-879F-2C3E4248D546} = {C9302C4A-B571-4F8E-8FFA-7B4C7DF8B3E3}
		{046A84E3-2E08-4C16-8B91-6C638E3AA130} = {C9302C4A-B571-4F8E-8FFA-7B4C7DF8B3E3}
		{EE3EAE26-21C0-4F00-85E2-16AFB0BEAD21} = {C9302C4A-B571-4F8E-8FFA-7B4C7DF8B3E3}
		{F7711553-F970-43E9-A329-4EBF520C5EDB} = {C9302C4A-B571-4F8E-8FFA-7B4C7DF8B3E3}
		{A5A3B609-CA12-4DFD-A046-1E46B7A7EFA6} = {C9302C4A-B571-4F8E-8FFA-7B4C7DF8B3E3}
		{79E1FB03-15F2-4F50-9F28-A162D875FE4D} = {C9302C4A-B571-4F8E-8FFA-7B4C7DF8B3E3}
		{3EA12280-C5ED-472A-BE6C-3AE600A1C7A6} = {C9302C4A-B571-4F8E-8FFA-7B4C7DF8B3E3}
		{9177A30F-A5DE-4D2B-A157-DB0403785738} = {C9302C4A-B571-4F8E-8FFA-7B4C7DF8B3E3}
	EndGlobalSection
	GlobalSection(ExtensibilityGlobals) = postSolution
		SolutionGuid = {EA05F7A3-D58F-4080-9C14-F45345CC56D6}
	EndGlobalSection
	GlobalSection(MonoDevelopProperties) = preSolution
		Policies = $0
		$0.DotNetNamingPolicy = $1
		$1.DirectoryNamespaceAssociation = Flat
		$1.ResourceNamePolicy = FileName
		$0.TextStylePolicy = $11
		version = 0.9.0
		outputpath = .
		StartupItem = src\Clients\FSpot\FSpot.csproj
	EndGlobalSection
EndGlobal
